
Microsoft Visual Studio Solution File, Format Version 12.00
# Visual Studio Version 17
VisualStudioVersion = 17.6.33723.286
MinimumVisualStudioVersion = 10.0.40219.1
Project("{FAE04EC0-301F-11D3-BF4B-00C04F79EFBC}") = "DPCommand", "DPCommand\DPCommand.csproj", "{C7FE8331-A1D9-433A-B8E4-91DF3A73D4CC}"
EndProject
Project("{FAE04EC0-301F-11D3-BF4B-00C04F79EFBC}") = "DPCommandRealExample1", "DPCommandRealExample1\DPCommandRealExample1.csproj", "{277569FA-28C9-4B61-957D-984C438B2C8D}"
EndProject
Project("{FAE04EC0-301F-11D3-BF4B-00C04F79EFBC}") = "DPCommandRealExample2", "DPCommandRealExample2\DPCommandRealExample2.csproj", "{F3C50047-FBCE-4AE1-8051-75FE75CDCCE9}"
EndProject
Global
	GlobalSection(SolutionConfigurationPlatforms) = preSolution
		Debug|Any CPU = Debug|Any CPU
		Release|Any CPU = Release|Any CPU
	EndGlobalSection
	GlobalSection(ProjectConfigurationPlatforms) = postSolution
		{C7FE8331-A1D9-433A-B8E4-91DF3A73D4CC}.Debug|Any CPU.ActiveCfg = Debug|Any CPU
		{C7FE8331-A1D9-433A-B8E4-91DF3A73D4CC}.Debug|Any CPU.Build.0 = Debug|Any CPU
		{C7FE8331-A1D9-433A-B8E4-91DF3A73D4CC}.Release|Any CPU.ActiveCfg = Release|Any CPU
		{C7FE8331-A1D9-433A-B8E4-91DF3A73D4CC}.Release|Any CPU.Build.0 = Release|Any CPU
		{277569FA-28C9-4B61-957D-984C438B2C8D}.Debug|Any CPU.ActiveCfg = Debug|Any CPU
		{277569FA-28C9-4B61-957D-984C438B2C8D}.Debug|Any CPU.Build.0 = Debug|Any CPU
		{277569FA-28C9-4B61-957D-984C438B2C8D}.Release|Any CPU.ActiveCfg = Release|Any CPU
		{277569FA-28C9-4B61-957D-984C438B2C8D}.Release|Any CPU.Build.0 = Release|Any CPU
		{F3C50047-FBCE-4AE1-8051-75FE75CDCCE9}.Debug|Any CPU.ActiveCfg = Debug|Any CPU
		{F3C50047-FBCE-4AE1-8051-75FE75CDCCE9}.Debug|Any CPU.Build.0 = Debug|Any CPU
		{F3C50047-FBCE-4AE1-8051-75FE75CDCCE9}.Release|Any CPU.ActiveCfg = Release|Any CPU
		{F3C50047-FBCE-4AE1-8051-75FE75CDCCE9}.Release|Any CPU.Build.0 = Release|Any CPU
	EndGlobalSection
	GlobalSection(SolutionProperties) = preSolution
		HideSolutionNode = FALSE
	EndGlobalSection
	GlobalSection(ExtensibilityGlobals) = postSolution
		SolutionGuid = {C89A57A4-8635-4F3C-8854-AFA6F5C252E8}
	EndGlobalSection
EndGlobal
